
Microsoft Visual Studio Solution File, Format Version 12.00
# Visual Studio Version 17
VisualStudioVersion = 17.9.34616.47
MinimumVisualStudioVersion = 10.0.40219.1
Project("{FAE04EC0-301F-11D3-BF4B-00C04F79EFBC}") = "Bitify", "Bitify\Bitify.csproj", "{FFCC73E7-98BB-4891-8AC3-6E7481553AEB}"
EndProject
Global
	GlobalSection(SolutionConfigurationPlatforms) = preSolution
		Debug|Any CPU = Debug|Any CPU
		Release|Any CPU = Release|Any CPU
	EndGlobalSection
	GlobalSection(ProjectConfigurationPlatforms) = postSolution
		{FFCC73E7-98BB-4891-8AC3-6E7481553AEB}.Debug|Any CPU.ActiveCfg = Debug|Any CPU
		{FFCC73E7-98BB-4891-8AC3-6E7481553AEB}.Debug|Any CPU.Build.0 = Debug|Any CPU
		{FFCC73E7-98BB-4891-8AC3-6E7481553AEB}.Release|Any CPU.ActiveCfg = Release|Any CPU
		{FFCC73E7-98BB-4891-8AC3-6E7481553AEB}.Release|Any CPU.Build.0 = Release|Any CPU
	EndGlobalSection
	GlobalSection(SolutionProperties) = preSolution
		HideSolutionNode = FALSE
	EndGlobalSection
	GlobalSection(ExtensibilityGlobals) = postSolution
		SolutionGuid = {88334C28-C873-4252-8CFC-C18A9697CB5C}
	EndGlobalSection
EndGlobal
